// !$*UTF8*$!
{
	archiveVersion = 1;
	classes = {
	};
	objectVersion = 46;
	objects = {

/* Begin PBXBuildFile section */
		1A36FE111858042200EE587A /* SKJSONTests.m in Sources */ = {isa = PBXBuildFile; fileRef = 1A36FE101858042200EE587A /* SKJSONTests.m */; };
		1A36FE1618580A1500EE587A /* SKArrayConvenienceMethodsTest.m in Sources */ = {isa = PBXBuildFile; fileRef = 1A36FE1518580A1500EE587A /* SKArrayConvenienceMethodsTest.m */; };
		1A36FE1B1858119D00EE587A /* SKArrayFunctionalMethodsTest.m in Sources */ = {isa = PBXBuildFile; fileRef = 1A36FE1A1858119D00EE587A /* SKArrayFunctionalMethodsTest.m */; };
		1AB0336518614314009E215E /* SKDataDetectorTest.m in Sources */ = {isa = PBXBuildFile; fileRef = 1AB0336418614314009E215E /* SKDataDetectorTest.m */; };
		1AB0336D18614FCB009E215E /* SKDictionaryFunctionalMethodsTest.m in Sources */ = {isa = PBXBuildFile; fileRef = 1AB0336C18614FCB009E215E /* SKDictionaryFunctionalMethodsTest.m */; };
		1AB0336F18614FD7009E215E /* SKSetFunctionalMethodsTest.m in Sources */ = {isa = PBXBuildFile; fileRef = 1AB0336E18614FD7009E215E /* SKSetFunctionalMethodsTest.m */; };
		1AB03380186154E0009E215E /* NSArray+Convenience.m in Sources */ = {isa = PBXBuildFile; fileRef = 1AB03371186154E0009E215E /* NSArray+Convenience.m */; };
		1AB03381186154E0009E215E /* NSArray+FunctionalMethods.m in Sources */ = {isa = PBXBuildFile; fileRef = 1AB03373186154E0009E215E /* NSArray+FunctionalMethods.m */; };
		1AB03382186154E0009E215E /* NSDictionary+FunctionalMethods.m in Sources */ = {isa = PBXBuildFile; fileRef = 1AB03375186154E0009E215E /* NSDictionary+FunctionalMethods.m */; };
		1AB03383186154E0009E215E /* NSObject+ComparisonMethods.m in Sources */ = {isa = PBXBuildFile; fileRef = 1AB03377186154E0009E215E /* NSObject+ComparisonMethods.m */; };
		1AB03384186154E0009E215E /* NSObject+JSON.m in Sources */ = {isa = PBXBuildFile; fileRef = 1AB03379186154E0009E215E /* NSObject+JSON.m */; };
		1AB03385186154E0009E215E /* NSSet+FunctionalMethods.m in Sources */ = {isa = PBXBuildFile; fileRef = 1AB0337B186154E0009E215E /* NSSet+FunctionalMethods.m */; };
		1AB03386186154E0009E215E /* NSString+DataDetector.m in Sources */ = {isa = PBXBuildFile; fileRef = 1AB0337D186154E0009E215E /* NSString+DataDetector.m */; };
		1AB03387186154E0009E215E /* NSString+Regex.m in Sources */ = {isa = PBXBuildFile; fileRef = 1AB0337F186154E0009E215E /* NSString+Regex.m */; };
		1ABD0D221858005B0077A64E /* SKComparisonMethodsTest.m in Sources */ = {isa = PBXBuildFile; fileRef = 1ABD0D211858005B0077A64E /* SKComparisonMethodsTest.m */; };
		1ABF6B2A1857F9FF00F4BE77 /* Foundation.framework in Frameworks */ = {isa = PBXBuildFile; fileRef = 1ABF6B291857F9FF00F4BE77 /* Foundation.framework */; };
		1ABF6B2C1857F9FF00F4BE77 /* CoreGraphics.framework in Frameworks */ = {isa = PBXBuildFile; fileRef = 1ABF6B2B1857F9FF00F4BE77 /* CoreGraphics.framework */; };
		1ABF6B2E1857F9FF00F4BE77 /* UIKit.framework in Frameworks */ = {isa = PBXBuildFile; fileRef = 1ABF6B2D1857F9FF00F4BE77 /* UIKit.framework */; };
		1ABF6B341857F9FF00F4BE77 /* InfoPlist.strings in Resources */ = {isa = PBXBuildFile; fileRef = 1ABF6B321857F9FF00F4BE77 /* InfoPlist.strings */; };
		1ABF6B361857F9FF00F4BE77 /* main.m in Sources */ = {isa = PBXBuildFile; fileRef = 1ABF6B351857F9FF00F4BE77 /* main.m */; };
		1ABF6B3A1857F9FF00F4BE77 /* SKAppDelegate.m in Sources */ = {isa = PBXBuildFile; fileRef = 1ABF6B391857F9FF00F4BE77 /* SKAppDelegate.m */; };
		1ABF6B3D1857F9FF00F4BE77 /* Main.storyboard in Resources */ = {isa = PBXBuildFile; fileRef = 1ABF6B3B1857F9FF00F4BE77 /* Main.storyboard */; };
		1ABF6B401857F9FF00F4BE77 /* SKViewController.m in Sources */ = {isa = PBXBuildFile; fileRef = 1ABF6B3F1857F9FF00F4BE77 /* SKViewController.m */; };
		1ABF6B421857F9FF00F4BE77 /* Images.xcassets in Resources */ = {isa = PBXBuildFile; fileRef = 1ABF6B411857F9FF00F4BE77 /* Images.xcassets */; };
		1ABF6B491857F9FF00F4BE77 /* XCTest.framework in Frameworks */ = {isa = PBXBuildFile; fileRef = 1ABF6B481857F9FF00F4BE77 /* XCTest.framework */; };
		1ABF6B4A1857F9FF00F4BE77 /* Foundation.framework in Frameworks */ = {isa = PBXBuildFile; fileRef = 1ABF6B291857F9FF00F4BE77 /* Foundation.framework */; };
		1ABF6B4B1857F9FF00F4BE77 /* UIKit.framework in Frameworks */ = {isa = PBXBuildFile; fileRef = 1ABF6B2D1857F9FF00F4BE77 /* UIKit.framework */; };
		1ABF6B531857F9FF00F4BE77 /* InfoPlist.strings in Resources */ = {isa = PBXBuildFile; fileRef = 1ABF6B511857F9FF00F4BE77 /* InfoPlist.strings */; };
		1ABF6B631857FB0B00F4BE77 /* SKRegexCategoryTest.m in Sources */ = {isa = PBXBuildFile; fileRef = 1ABF6B621857FB0B00F4BE77 /* SKRegexCategoryTest.m */; };
		DC2C3B43186603E200DC5DD6 /* NSString+StringFunctions.m in Sources */ = {isa = PBXBuildFile; fileRef = DC2C3B42186603E200DC5DD6 /* NSString+StringFunctions.m */; };
		DC2C3B4518660BBA00DC5DD6 /* SKStringFunctionTest.m in Sources */ = {isa = PBXBuildFile; fileRef = DC2C3B4418660BBA00DC5DD6 /* SKStringFunctionTest.m */; };
/* End PBXBuildFile section */

/* Begin PBXContainerItemProxy section */
		1ABF6B4C1857F9FF00F4BE77 /* PBXContainerItemProxy */ = {
			isa = PBXContainerItemProxy;
			containerPortal = 1ABF6B1E1857F9FF00F4BE77 /* Project object */;
			proxyType = 1;
			remoteGlobalIDString = 1ABF6B251857F9FF00F4BE77;
			remoteInfo = "Objective-Shorthand";
		};
/* End PBXContainerItemProxy section */

/* Begin PBXFileReference section */
		1A36FE101858042200EE587A /* SKJSONTests.m */ = {isa = PBXFileReference; fileEncoding = 4; lastKnownFileType = sourcecode.c.objc; path = SKJSONTests.m; sourceTree = "<group>"; };
		1A36FE1518580A1500EE587A /* SKArrayConvenienceMethodsTest.m */ = {isa = PBXFileReference; fileEncoding = 4; lastKnownFileType = sourcecode.c.objc; path = SKArrayConvenienceMethodsTest.m; sourceTree = "<group>"; };
		1A36FE1A1858119D00EE587A /* SKArrayFunctionalMethodsTest.m */ = {isa = PBXFileReference; fileEncoding = 4; lastKnownFileType = sourcecode.c.objc; path = SKArrayFunctionalMethodsTest.m; sourceTree = "<group>"; };
		1AB0336418614314009E215E /* SKDataDetectorTest.m */ = {isa = PBXFileReference; fileEncoding = 4; lastKnownFileType = sourcecode.c.objc; path = SKDataDetectorTest.m; sourceTree = "<group>"; };
		1AB0336C18614FCB009E215E /* SKDictionaryFunctionalMethodsTest.m */ = {isa = PBXFileReference; fileEncoding = 4; lastKnownFileType = sourcecode.c.objc; path = SKDictionaryFunctionalMethodsTest.m; sourceTree = "<group>"; };
		1AB0336E18614FD7009E215E /* SKSetFunctionalMethodsTest.m */ = {isa = PBXFileReference; fileEncoding = 4; lastKnownFileType = sourcecode.c.objc; path = SKSetFunctionalMethodsTest.m; sourceTree = "<group>"; };
		1AB03370186154E0009E215E /* NSArray+Convenience.h */ = {isa = PBXFileReference; fileEncoding = 4; lastKnownFileType = sourcecode.c.h; name = "NSArray+Convenience.h"; path = "Objective-Shorthand/NSArray+Convenience.h"; sourceTree = "<group>"; };
		1AB03371186154E0009E215E /* NSArray+Convenience.m */ = {isa = PBXFileReference; fileEncoding = 4; lastKnownFileType = sourcecode.c.objc; name = "NSArray+Convenience.m"; path = "Objective-Shorthand/NSArray+Convenience.m"; sourceTree = "<group>"; };
		1AB03372186154E0009E215E /* NSArray+FunctionalMethods.h */ = {isa = PBXFileReference; fileEncoding = 4; lastKnownFileType = sourcecode.c.h; name = "NSArray+FunctionalMethods.h"; path = "Objective-Shorthand/NSArray+FunctionalMethods.h"; sourceTree = "<group>"; };
		1AB03373186154E0009E215E /* NSArray+FunctionalMethods.m */ = {isa = PBXFileReference; fileEncoding = 4; lastKnownFileType = sourcecode.c.objc; name = "NSArray+FunctionalMethods.m"; path = "Objective-Shorthand/NSArray+FunctionalMethods.m"; sourceTree = "<group>"; };
		1AB03374186154E0009E215E /* NSDictionary+FunctionalMethods.h */ = {isa = PBXFileReference; fileEncoding = 4; lastKnownFileType = sourcecode.c.h; name = "NSDictionary+FunctionalMethods.h"; path = "Objective-Shorthand/NSDictionary+FunctionalMethods.h"; sourceTree = "<group>"; };
		1AB03375186154E0009E215E /* NSDictionary+FunctionalMethods.m */ = {isa = PBXFileReference; fileEncoding = 4; lastKnownFileType = sourcecode.c.objc; name = "NSDictionary+FunctionalMethods.m"; path = "Objective-Shorthand/NSDictionary+FunctionalMethods.m"; sourceTree = "<group>"; };
		1AB03376186154E0009E215E /* NSObject+ComparisonMethods.h */ = {isa = PBXFileReference; fileEncoding = 4; lastKnownFileType = sourcecode.c.h; name = "NSObject+ComparisonMethods.h"; path = "Objective-Shorthand/NSObject+ComparisonMethods.h"; sourceTree = "<group>"; };
		1AB03377186154E0009E215E /* NSObject+ComparisonMethods.m */ = {isa = PBXFileReference; fileEncoding = 4; lastKnownFileType = sourcecode.c.objc; name = "NSObject+ComparisonMethods.m"; path = "Objective-Shorthand/NSObject+ComparisonMethods.m"; sourceTree = "<group>"; };
		1AB03378186154E0009E215E /* NSObject+JSON.h */ = {isa = PBXFileReference; fileEncoding = 4; lastKnownFileType = sourcecode.c.h; name = "NSObject+JSON.h"; path = "Objective-Shorthand/NSObject+JSON.h"; sourceTree = "<group>"; };
		1AB03379186154E0009E215E /* NSObject+JSON.m */ = {isa = PBXFileReference; fileEncoding = 4; lastKnownFileType = sourcecode.c.objc; name = "NSObject+JSON.m"; path = "Objective-Shorthand/NSObject+JSON.m"; sourceTree = "<group>"; };
		1AB0337A186154E0009E215E /* NSSet+FunctionalMethods.h */ = {isa = PBXFileReference; fileEncoding = 4; lastKnownFileType = sourcecode.c.h; name = "NSSet+FunctionalMethods.h"; path = "Objective-Shorthand/NSSet+FunctionalMethods.h"; sourceTree = "<group>"; };
		1AB0337B186154E0009E215E /* NSSet+FunctionalMethods.m */ = {isa = PBXFileReference; fileEncoding = 4; lastKnownFileType = sourcecode.c.objc; name = "NSSet+FunctionalMethods.m"; path = "Objective-Shorthand/NSSet+FunctionalMethods.m"; sourceTree = "<group>"; };
		1AB0337C186154E0009E215E /* NSString+DataDetector.h */ = {isa = PBXFileReference; fileEncoding = 4; lastKnownFileType = sourcecode.c.h; name = "NSString+DataDetector.h"; path = "Objective-Shorthand/NSString+DataDetector.h"; sourceTree = "<group>"; };
		1AB0337D186154E0009E215E /* NSString+DataDetector.m */ = {isa = PBXFileReference; fileEncoding = 4; lastKnownFileType = sourcecode.c.objc; name = "NSString+DataDetector.m"; path = "Objective-Shorthand/NSString+DataDetector.m"; sourceTree = "<group>"; };
		1AB0337E186154E0009E215E /* NSString+Regex.h */ = {isa = PBXFileReference; fileEncoding = 4; lastKnownFileType = sourcecode.c.h; name = "NSString+Regex.h"; path = "Objective-Shorthand/NSString+Regex.h"; sourceTree = "<group>"; };
		1AB0337F186154E0009E215E /* NSString+Regex.m */ = {isa = PBXFileReference; fileEncoding = 4; lastKnownFileType = sourcecode.c.objc; name = "NSString+Regex.m"; path = "Objective-Shorthand/NSString+Regex.m"; sourceTree = "<group>"; };
		1ABD0D211858005B0077A64E /* SKComparisonMethodsTest.m */ = {isa = PBXFileReference; fileEncoding = 4; lastKnownFileType = sourcecode.c.objc; path = SKComparisonMethodsTest.m; sourceTree = "<group>"; };
		1ABF6B261857F9FF00F4BE77 /* Objective-Shorthand.app */ = {isa = PBXFileReference; explicitFileType = wrapper.application; includeInIndex = 0; path = "Objective-Shorthand.app"; sourceTree = BUILT_PRODUCTS_DIR; };
		1ABF6B291857F9FF00F4BE77 /* Foundation.framework */ = {isa = PBXFileReference; lastKnownFileType = wrapper.framework; name = Foundation.framework; path = System/Library/Frameworks/Foundation.framework; sourceTree = SDKROOT; };
		1ABF6B2B1857F9FF00F4BE77 /* CoreGraphics.framework */ = {isa = PBXFileReference; lastKnownFileType = wrapper.framework; name = CoreGraphics.framework; path = System/Library/Frameworks/CoreGraphics.framework; sourceTree = SDKROOT; };
		1ABF6B2D1857F9FF00F4BE77 /* UIKit.framework */ = {isa = PBXFileReference; lastKnownFileType = wrapper.framework; name = UIKit.framework; path = System/Library/Frameworks/UIKit.framework; sourceTree = SDKROOT; };
		1ABF6B311857F9FF00F4BE77 /* Objective-Shorthand-Info.plist */ = {isa = PBXFileReference; lastKnownFileType = text.plist.xml; path = "Objective-Shorthand-Info.plist"; sourceTree = "<group>"; };
		1ABF6B331857F9FF00F4BE77 /* en */ = {isa = PBXFileReference; lastKnownFileType = text.plist.strings; name = en; path = en.lproj/InfoPlist.strings; sourceTree = "<group>"; };
		1ABF6B351857F9FF00F4BE77 /* main.m */ = {isa = PBXFileReference; lastKnownFileType = sourcecode.c.objc; path = main.m; sourceTree = "<group>"; };
		1ABF6B371857F9FF00F4BE77 /* Objective-Shorthand-Prefix.pch */ = {isa = PBXFileReference; lastKnownFileType = sourcecode.c.h; path = "Objective-Shorthand-Prefix.pch"; sourceTree = "<group>"; };
		1ABF6B381857F9FF00F4BE77 /* SKAppDelegate.h */ = {isa = PBXFileReference; lastKnownFileType = sourcecode.c.h; path = SKAppDelegate.h; sourceTree = "<group>"; };
		1ABF6B391857F9FF00F4BE77 /* SKAppDelegate.m */ = {isa = PBXFileReference; lastKnownFileType = sourcecode.c.objc; path = SKAppDelegate.m; sourceTree = "<group>"; };
		1ABF6B3C1857F9FF00F4BE77 /* Base */ = {isa = PBXFileReference; lastKnownFileType = file.storyboard; name = Base; path = Base.lproj/Main.storyboard; sourceTree = "<group>"; };
		1ABF6B3E1857F9FF00F4BE77 /* SKViewController.h */ = {isa = PBXFileReference; lastKnownFileType = sourcecode.c.h; path = SKViewController.h; sourceTree = "<group>"; };
		1ABF6B3F1857F9FF00F4BE77 /* SKViewController.m */ = {isa = PBXFileReference; lastKnownFileType = sourcecode.c.objc; path = SKViewController.m; sourceTree = "<group>"; };
		1ABF6B411857F9FF00F4BE77 /* Images.xcassets */ = {isa = PBXFileReference; lastKnownFileType = folder.assetcatalog; path = Images.xcassets; sourceTree = "<group>"; };
		1ABF6B471857F9FF00F4BE77 /* Objective-ShorthandTests.xctest */ = {isa = PBXFileReference; explicitFileType = wrapper.cfbundle; includeInIndex = 0; path = "Objective-ShorthandTests.xctest"; sourceTree = BUILT_PRODUCTS_DIR; };
		1ABF6B481857F9FF00F4BE77 /* XCTest.framework */ = {isa = PBXFileReference; lastKnownFileType = wrapper.framework; name = XCTest.framework; path = Library/Frameworks/XCTest.framework; sourceTree = DEVELOPER_DIR; };
		1ABF6B501857F9FF00F4BE77 /* Objective-ShorthandTests-Info.plist */ = {isa = PBXFileReference; lastKnownFileType = text.plist.xml; path = "Objective-ShorthandTests-Info.plist"; sourceTree = "<group>"; };
		1ABF6B521857F9FF00F4BE77 /* en */ = {isa = PBXFileReference; lastKnownFileType = text.plist.strings; name = en; path = en.lproj/InfoPlist.strings; sourceTree = "<group>"; };
		1ABF6B621857FB0B00F4BE77 /* SKRegexCategoryTest.m */ = {isa = PBXFileReference; fileEncoding = 4; lastKnownFileType = sourcecode.c.objc; path = SKRegexCategoryTest.m; sourceTree = "<group>"; };
		DC2C3B41186603E200DC5DD6 /* NSString+StringFunctions.h */ = {isa = PBXFileReference; fileEncoding = 4; lastKnownFileType = sourcecode.c.h; path = "NSString+StringFunctions.h"; sourceTree = "<group>"; };
		DC2C3B42186603E200DC5DD6 /* NSString+StringFunctions.m */ = {isa = PBXFileReference; fileEncoding = 4; lastKnownFileType = sourcecode.c.objc; path = "NSString+StringFunctions.m"; sourceTree = "<group>"; };
		DC2C3B4418660BBA00DC5DD6 /* SKStringFunctionTest.m */ = {isa = PBXFileReference; fileEncoding = 4; lastKnownFileType = sourcecode.c.objc; path = SKStringFunctionTest.m; sourceTree = "<group>"; };
/* End PBXFileReference section */

/* Begin PBXFrameworksBuildPhase section */
		1ABF6B231857F9FF00F4BE77 /* Frameworks */ = {
			isa = PBXFrameworksBuildPhase;
			buildActionMask = 2147483647;
			files = (
				1ABF6B2C1857F9FF00F4BE77 /* CoreGraphics.framework in Frameworks */,
				1ABF6B2E1857F9FF00F4BE77 /* UIKit.framework in Frameworks */,
				1ABF6B2A1857F9FF00F4BE77 /* Foundation.framework in Frameworks */,
			);
			runOnlyForDeploymentPostprocessing = 0;
		};
		1ABF6B441857F9FF00F4BE77 /* Frameworks */ = {
			isa = PBXFrameworksBuildPhase;
			buildActionMask = 2147483647;
			files = (
				1ABF6B491857F9FF00F4BE77 /* XCTest.framework in Frameworks */,
				1ABF6B4B1857F9FF00F4BE77 /* UIKit.framework in Frameworks */,
				1ABF6B4A1857F9FF00F4BE77 /* Foundation.framework in Frameworks */,
			);
			runOnlyForDeploymentPostprocessing = 0;
		};
/* End PBXFrameworksBuildPhase section */

/* Begin PBXGroup section */
		1ABF6B1D1857F9FF00F4BE77 = {
			isa = PBXGroup;
			children = (
				1ABF6B2F1857F9FF00F4BE77 /* Objective-Shorthand */,
				1ABF6B4E1857F9FF00F4BE77 /* Objective-ShorthandTests */,
				1ABF6B281857F9FF00F4BE77 /* Frameworks */,
				1ABF6B271857F9FF00F4BE77 /* Products */,
			);
			sourceTree = "<group>";
		};
		1ABF6B271857F9FF00F4BE77 /* Products */ = {
			isa = PBXGroup;
			children = (
				1ABF6B261857F9FF00F4BE77 /* Objective-Shorthand.app */,
				1ABF6B471857F9FF00F4BE77 /* Objective-ShorthandTests.xctest */,
			);
			name = Products;
			sourceTree = "<group>";
		};
		1ABF6B281857F9FF00F4BE77 /* Frameworks */ = {
			isa = PBXGroup;
			children = (
				1ABF6B291857F9FF00F4BE77 /* Foundation.framework */,
				1ABF6B2B1857F9FF00F4BE77 /* CoreGraphics.framework */,
				1ABF6B2D1857F9FF00F4BE77 /* UIKit.framework */,
				1ABF6B481857F9FF00F4BE77 /* XCTest.framework */,
			);
			name = Frameworks;
			sourceTree = "<group>";
		};
		1ABF6B2F1857F9FF00F4BE77 /* Objective-Shorthand */ = {
			isa = PBXGroup;
			children = (
				1ABF6B381857F9FF00F4BE77 /* SKAppDelegate.h */,
				1ABF6B391857F9FF00F4BE77 /* SKAppDelegate.m */,
				1ABF6B3B1857F9FF00F4BE77 /* Main.storyboard */,
				1ABF6B3E1857F9FF00F4BE77 /* SKViewController.h */,
				1ABF6B3F1857F9FF00F4BE77 /* SKViewController.m */,
				1ABF6B411857F9FF00F4BE77 /* Images.xcassets */,
				1ABF6B5E1857FA2E00F4BE77 /* Objective-Shorthand */,
				1ABF6B301857F9FF00F4BE77 /* Supporting Files */,
			);
			path = "Objective-Shorthand";
			sourceTree = "<group>";
		};
		1ABF6B301857F9FF00F4BE77 /* Supporting Files */ = {
			isa = PBXGroup;
			children = (
				1ABF6B311857F9FF00F4BE77 /* Objective-Shorthand-Info.plist */,
				1ABF6B321857F9FF00F4BE77 /* InfoPlist.strings */,
				1ABF6B351857F9FF00F4BE77 /* main.m */,
				1ABF6B371857F9FF00F4BE77 /* Objective-Shorthand-Prefix.pch */,
			);
			name = "Supporting Files";
			sourceTree = "<group>";
		};
		1ABF6B4E1857F9FF00F4BE77 /* Objective-ShorthandTests */ = {
			isa = PBXGroup;
			children = (
				1ABF6B4F1857F9FF00F4BE77 /* Supporting Files */,
				1ABF6B621857FB0B00F4BE77 /* SKRegexCategoryTest.m */,
				1A36FE101858042200EE587A /* SKJSONTests.m */,
				1ABD0D211858005B0077A64E /* SKComparisonMethodsTest.m */,
				1A36FE1518580A1500EE587A /* SKArrayConvenienceMethodsTest.m */,
				1A36FE1A1858119D00EE587A /* SKArrayFunctionalMethodsTest.m */,
				1AB0336C18614FCB009E215E /* SKDictionaryFunctionalMethodsTest.m */,
				1AB0336E18614FD7009E215E /* SKSetFunctionalMethodsTest.m */,
				1AB0336418614314009E215E /* SKDataDetectorTest.m */,
				DC2C3B4418660BBA00DC5DD6 /* SKStringFunctionTest.m */,
			);
			path = "Objective-ShorthandTests";
			sourceTree = "<group>";
		};
		1ABF6B4F1857F9FF00F4BE77 /* Supporting Files */ = {
			isa = PBXGroup;
			children = (
				1ABF6B501857F9FF00F4BE77 /* Objective-ShorthandTests-Info.plist */,
				1ABF6B511857F9FF00F4BE77 /* InfoPlist.strings */,
			);
			name = "Supporting Files";
			sourceTree = "<group>";
		};
		1ABF6B5E1857FA2E00F4BE77 /* Objective-Shorthand */ = {
			isa = PBXGroup;
			children = (
				1AB03370186154E0009E215E /* NSArray+Convenience.h */,
				1AB03371186154E0009E215E /* NSArray+Convenience.m */,
				1AB03372186154E0009E215E /* NSArray+FunctionalMethods.h */,
				1AB03373186154E0009E215E /* NSArray+FunctionalMethods.m */,
				1AB03374186154E0009E215E /* NSDictionary+FunctionalMethods.h */,
				1AB03375186154E0009E215E /* NSDictionary+FunctionalMethods.m */,
				1AB03376186154E0009E215E /* NSObject+ComparisonMethods.h */,
				1AB03377186154E0009E215E /* NSObject+ComparisonMethods.m */,
				1AB03378186154E0009E215E /* NSObject+JSON.h */,
				1AB03379186154E0009E215E /* NSObject+JSON.m */,
				1AB0337A186154E0009E215E /* NSSet+FunctionalMethods.h */,
				1AB0337B186154E0009E215E /* NSSet+FunctionalMethods.m */,
				1AB0337C186154E0009E215E /* NSString+DataDetector.h */,
				1AB0337D186154E0009E215E /* NSString+DataDetector.m */,
				1AB0337E186154E0009E215E /* NSString+Regex.h */,
				1AB0337F186154E0009E215E /* NSString+Regex.m */,
				DC2C3B41186603E200DC5DD6 /* NSString+StringFunctions.h */,
				DC2C3B42186603E200DC5DD6 /* NSString+StringFunctions.m */,
			);
			name = "Objective-Shorthand";
			sourceTree = "<group>";
		};
/* End PBXGroup section */

/* Begin PBXNativeTarget section */
		1ABF6B251857F9FF00F4BE77 /* Objective-Shorthand */ = {
			isa = PBXNativeTarget;
			buildConfigurationList = 1ABF6B581857F9FF00F4BE77 /* Build configuration list for PBXNativeTarget "Objective-Shorthand" */;
			buildPhases = (
				1ABF6B221857F9FF00F4BE77 /* Sources */,
				1ABF6B231857F9FF00F4BE77 /* Frameworks */,
				1ABF6B241857F9FF00F4BE77 /* Resources */,
			);
			buildRules = (
			);
			dependencies = (
			);
			name = "Objective-Shorthand";
			productName = "Objective-Shorthand";
			productReference = 1ABF6B261857F9FF00F4BE77 /* Objective-Shorthand.app */;
			productType = "com.apple.product-type.application";
		};
		1ABF6B461857F9FF00F4BE77 /* Objective-ShorthandTests */ = {
			isa = PBXNativeTarget;
			buildConfigurationList = 1ABF6B5B1857F9FF00F4BE77 /* Build configuration list for PBXNativeTarget "Objective-ShorthandTests" */;
			buildPhases = (
				1ABF6B431857F9FF00F4BE77 /* Sources */,
				1ABF6B441857F9FF00F4BE77 /* Frameworks */,
				1ABF6B451857F9FF00F4BE77 /* Resources */,
			);
			buildRules = (
			);
			dependencies = (
				1ABF6B4D1857F9FF00F4BE77 /* PBXTargetDependency */,
			);
			name = "Objective-ShorthandTests";
			productName = "Objective-ShorthandTests";
			productReference = 1ABF6B471857F9FF00F4BE77 /* Objective-ShorthandTests.xctest */;
			productType = "com.apple.product-type.bundle.unit-test";
		};
/* End PBXNativeTarget section */

/* Begin PBXProject section */
		1ABF6B1E1857F9FF00F4BE77 /* Project object */ = {
			isa = PBXProject;
			attributes = {
				CLASSPREFIX = SK;
				LastUpgradeCheck = 0500;
				ORGANIZATIONNAME = "Soroush Khanlou";
				TargetAttributes = {
					1ABF6B461857F9FF00F4BE77 = {
						TestTargetID = 1ABF6B251857F9FF00F4BE77;
					};
				};
			};
			buildConfigurationList = 1ABF6B211857F9FF00F4BE77 /* Build configuration list for PBXProject "Objective-Shorthand" */;
			compatibilityVersion = "Xcode 3.2";
			developmentRegion = English;
			hasScannedForEncodings = 0;
			knownRegions = (
				en,
				Base,
			);
			mainGroup = 1ABF6B1D1857F9FF00F4BE77;
			productRefGroup = 1ABF6B271857F9FF00F4BE77 /* Products */;
			projectDirPath = "";
			projectRoot = "";
			targets = (
				1ABF6B251857F9FF00F4BE77 /* Objective-Shorthand */,
				1ABF6B461857F9FF00F4BE77 /* Objective-ShorthandTests */,
			);
		};
/* End PBXProject section */

/* Begin PBXResourcesBuildPhase section */
		1ABF6B241857F9FF00F4BE77 /* Resources */ = {
			isa = PBXResourcesBuildPhase;
			buildActionMask = 2147483647;
			files = (
				1ABF6B421857F9FF00F4BE77 /* Images.xcassets in Resources */,
				1ABF6B341857F9FF00F4BE77 /* InfoPlist.strings in Resources */,
				1ABF6B3D1857F9FF00F4BE77 /* Main.storyboard in Resources */,
			);
			runOnlyForDeploymentPostprocessing = 0;
		};
		1ABF6B451857F9FF00F4BE77 /* Resources */ = {
			isa = PBXResourcesBuildPhase;
			buildActionMask = 2147483647;
			files = (
				1ABF6B531857F9FF00F4BE77 /* InfoPlist.strings in Resources */,
			);
			runOnlyForDeploymentPostprocessing = 0;
		};
/* End PBXResourcesBuildPhase section */

/* Begin PBXSourcesBuildPhase section */
		1ABF6B221857F9FF00F4BE77 /* Sources */ = {
			isa = PBXSourcesBuildPhase;
			buildActionMask = 2147483647;
			files = (
				1AB03382186154E0009E215E /* NSDictionary+FunctionalMethods.m in Sources */,
				1AB03380186154E0009E215E /* NSArray+Convenience.m in Sources */,
				1ABF6B3A1857F9FF00F4BE77 /* SKAppDelegate.m in Sources */,
				1AB03385186154E0009E215E /* NSSet+FunctionalMethods.m in Sources */,
				1AB03381186154E0009E215E /* NSArray+FunctionalMethods.m in Sources */,
				1AB03386186154E0009E215E /* NSString+DataDetector.m in Sources */,
				1AB03383186154E0009E215E /* NSObject+ComparisonMethods.m in Sources */,
				1ABF6B401857F9FF00F4BE77 /* SKViewController.m in Sources */,
				DC2C3B43186603E200DC5DD6 /* NSString+StringFunctions.m in Sources */,
				1ABF6B361857F9FF00F4BE77 /* main.m in Sources */,
				1AB03387186154E0009E215E /* NSString+Regex.m in Sources */,
				1AB03384186154E0009E215E /* NSObject+JSON.m in Sources */,
			);
			runOnlyForDeploymentPostprocessing = 0;
		};
		1ABF6B431857F9FF00F4BE77 /* Sources */ = {
			isa = PBXSourcesBuildPhase;
			buildActionMask = 2147483647;
			files = (
				1AB0336F18614FD7009E215E /* SKSetFunctionalMethodsTest.m in Sources */,
				1A36FE1B1858119D00EE587A /* SKArrayFunctionalMethodsTest.m in Sources */,
				1AB0336518614314009E215E /* SKDataDetectorTest.m in Sources */,
				1A36FE1618580A1500EE587A /* SKArrayConvenienceMethodsTest.m in Sources */,
				1ABF6B631857FB0B00F4BE77 /* SKRegexCategoryTest.m in Sources */,
				1A36FE111858042200EE587A /* SKJSONTests.m in Sources */,
				1AB0336D18614FCB009E215E /* SKDictionaryFunctionalMethodsTest.m in Sources */,
				DC2C3B4518660BBA00DC5DD6 /* SKStringFunctionTest.m in Sources */,
				1ABD0D221858005B0077A64E /* SKComparisonMethodsTest.m in Sources */,
			);
			runOnlyForDeploymentPostprocessing = 0;
		};
/* End PBXSourcesBuildPhase section */

/* Begin PBXTargetDependency section */
		1ABF6B4D1857F9FF00F4BE77 /* PBXTargetDependency */ = {
			isa = PBXTargetDependency;
			target = 1ABF6B251857F9FF00F4BE77 /* Objective-Shorthand */;
			targetProxy = 1ABF6B4C1857F9FF00F4BE77 /* PBXContainerItemProxy */;
		};
/* End PBXTargetDependency section */

/* Begin PBXVariantGroup section */
		1ABF6B321857F9FF00F4BE77 /* InfoPlist.strings */ = {
			isa = PBXVariantGroup;
			children = (
				1ABF6B331857F9FF00F4BE77 /* en */,
			);
			name = InfoPlist.strings;
			sourceTree = "<group>";
		};
		1ABF6B3B1857F9FF00F4BE77 /* Main.storyboard */ = {
			isa = PBXVariantGroup;
			children = (
				1ABF6B3C1857F9FF00F4BE77 /* Base */,
			);
			name = Main.storyboard;
			sourceTree = "<group>";
		};
		1ABF6B511857F9FF00F4BE77 /* InfoPlist.strings */ = {
			isa = PBXVariantGroup;
			children = (
				1ABF6B521857F9FF00F4BE77 /* en */,
			);
			name = InfoPlist.strings;
			sourceTree = "<group>";
		};
/* End PBXVariantGroup section */

/* Begin XCBuildConfiguration section */
		1ABF6B561857F9FF00F4BE77 /* Debug */ = {
			isa = XCBuildConfiguration;
			buildSettings = {
				ALWAYS_SEARCH_USER_PATHS = NO;
				ARCHS = "$(ARCHS_STANDARD_INCLUDING_64_BIT)";
				CLANG_CXX_LANGUAGE_STANDARD = "gnu++0x";
				CLANG_CXX_LIBRARY = "libc++";
				CLANG_ENABLE_MODULES = YES;
				CLANG_ENABLE_OBJC_ARC = YES;
				CLANG_WARN_BOOL_CONVERSION = YES;
				CLANG_WARN_CONSTANT_CONVERSION = YES;
				CLANG_WARN_DIRECT_OBJC_ISA_USAGE = YES_ERROR;
				CLANG_WARN_EMPTY_BODY = YES;
				CLANG_WARN_ENUM_CONVERSION = YES;
				CLANG_WARN_INT_CONVERSION = YES;
				CLANG_WARN_OBJC_ROOT_CLASS = YES_ERROR;
				CLANG_WARN__DUPLICATE_METHOD_MATCH = YES;
				"CODE_SIGN_IDENTITY[sdk=iphoneos*]" = "iPhone Developer";
				COPY_PHASE_STRIP = NO;
				GCC_C_LANGUAGE_STANDARD = gnu99;
				GCC_DYNAMIC_NO_PIC = NO;
				GCC_OPTIMIZATION_LEVEL = 0;
				GCC_PREPROCESSOR_DEFINITIONS = (
					"DEBUG=1",
					"$(inherited)",
				);
				GCC_SYMBOLS_PRIVATE_EXTERN = NO;
				GCC_WARN_64_TO_32_BIT_CONVERSION = YES;
				GCC_WARN_ABOUT_RETURN_TYPE = YES_ERROR;
				GCC_WARN_UNDECLARED_SELECTOR = YES;
				GCC_WARN_UNINITIALIZED_AUTOS = YES;
				GCC_WARN_UNUSED_FUNCTION = YES;
				GCC_WARN_UNUSED_VARIABLE = YES;
				IPHONEOS_DEPLOYMENT_TARGET = 7.0;
				ONLY_ACTIVE_ARCH = YES;
				SDKROOT = iphoneos;
			};
			name = Debug;
		};
		1ABF6B571857F9FF00F4BE77 /* Release */ = {
			isa = XCBuildConfiguration;
			buildSettings = {
				ALWAYS_SEARCH_USER_PATHS = NO;
				ARCHS = "$(ARCHS_STANDARD_INCLUDING_64_BIT)";
				CLANG_CXX_LANGUAGE_STANDARD = "gnu++0x";
				CLANG_CXX_LIBRARY = "libc++";
				CLANG_ENABLE_MODULES = YES;
				CLANG_ENABLE_OBJC_ARC = YES;
				CLANG_WARN_BOOL_CONVERSION = YES;
				CLANG_WARN_CONSTANT_CONVERSION = YES;
				CLANG_WARN_DIRECT_OBJC_ISA_USAGE = YES_ERROR;
				CLANG_WARN_EMPTY_BODY = YES;
				CLANG_WARN_ENUM_CONVERSION = YES;
				CLANG_WARN_INT_CONVERSION = YES;
				CLANG_WARN_OBJC_ROOT_CLASS = YES_ERROR;
				CLANG_WARN__DUPLICATE_METHOD_MATCH = YES;
				"CODE_SIGN_IDENTITY[sdk=iphoneos*]" = "iPhone Developer";
				COPY_PHASE_STRIP = YES;
				ENABLE_NS_ASSERTIONS = NO;
				GCC_C_LANGUAGE_STANDARD = gnu99;
				GCC_WARN_64_TO_32_BIT_CONVERSION = YES;
				GCC_WARN_ABOUT_RETURN_TYPE = YES_ERROR;
				GCC_WARN_UNDECLARED_SELECTOR = YES;
				GCC_WARN_UNINITIALIZED_AUTOS = YES;
				GCC_WARN_UNUSED_FUNCTION = YES;
				GCC_WARN_UNUSED_VARIABLE = YES;
				IPHONEOS_DEPLOYMENT_TARGET = 7.0;
				SDKROOT = iphoneos;
				VALIDATE_PRODUCT = YES;
			};
			name = Release;
		};
		1ABF6B591857F9FF00F4BE77 /* Debug */ = {
			isa = XCBuildConfiguration;
			buildSettings = {
				ASSETCATALOG_COMPILER_APPICON_NAME = AppIcon;
				ASSETCATALOG_COMPILER_LAUNCHIMAGE_NAME = LaunchImage;
				GCC_PRECOMPILE_PREFIX_HEADER = YES;
				GCC_PREFIX_HEADER = "Objective-Shorthand/Objective-Shorthand-Prefix.pch";
				INFOPLIST_FILE = "Objective-Shorthand/Objective-Shorthand-Info.plist";
				PRODUCT_NAME = "$(TARGET_NAME)";
				WRAPPER_EXTENSION = app;
			};
			name = Debug;
		};
		1ABF6B5A1857F9FF00F4BE77 /* Release */ = {
			isa = XCBuildConfiguration;
			buildSettings = {
				ASSETCATALOG_COMPILER_APPICON_NAME = AppIcon;
				ASSETCATALOG_COMPILER_LAUNCHIMAGE_NAME = LaunchImage;
				GCC_PRECOMPILE_PREFIX_HEADER = YES;
				GCC_PREFIX_HEADER = "Objective-Shorthand/Objective-Shorthand-Prefix.pch";
				INFOPLIST_FILE = "Objective-Shorthand/Objective-Shorthand-Info.plist";
				PRODUCT_NAME = "$(TARGET_NAME)";
				WRAPPER_EXTENSION = app;
			};
			name = Release;
		};
		1ABF6B5C1857F9FF00F4BE77 /* Debug */ = {
			isa = XCBuildConfiguration;
			buildSettings = {
				ARCHS = "$(ARCHS_STANDARD_INCLUDING_64_BIT)";
				BUNDLE_LOADER = "$(BUILT_PRODUCTS_DIR)/Objective-Shorthand.app/Objective-Shorthand";
				FRAMEWORK_SEARCH_PATHS = (
					"$(SDKROOT)/Developer/Library/Frameworks",
					"$(inherited)",
					"$(DEVELOPER_FRAMEWORKS_DIR)",
				);
				GCC_PRECOMPILE_PREFIX_HEADER = YES;
				GCC_PREFIX_HEADER = "Objective-Shorthand/Objective-Shorthand-Prefix.pch";
				GCC_PREPROCESSOR_DEFINITIONS = (
					"DEBUG=1",
					"$(inherited)",
				);
				INFOPLIST_FILE = "Objective-ShorthandTests/Objective-ShorthandTests-Info.plist";
				PRODUCT_NAME = "$(TARGET_NAME)";
				TEST_HOST = "$(BUNDLE_LOADER)";
				WRAPPER_EXTENSION = xctest;
			};
			name = Debug;
		};
		1ABF6B5D1857F9FF00F4BE77 /* Release */ = {
			isa = XCBuildConfiguration;
			buildSettings = {
				ARCHS = "$(ARCHS_STANDARD_INCLUDING_64_BIT)";
				BUNDLE_LOADER = "$(BUILT_PRODUCTS_DIR)/Objective-Shorthand.app/Objective-Shorthand";
				FRAMEWORK_SEARCH_PATHS = (
					"$(SDKROOT)/Developer/Library/Frameworks",
					"$(inherited)",
					"$(DEVELOPER_FRAMEWORKS_DIR)",
				);
				GCC_PRECOMPILE_PREFIX_HEADER = YES;
				GCC_PREFIX_HEADER = "Objective-Shorthand/Objective-Shorthand-Prefix.pch";
				INFOPLIST_FILE = "Objective-ShorthandTests/Objective-ShorthandTests-Info.plist";
				PRODUCT_NAME = "$(TARGET_NAME)";
				TEST_HOST = "$(BUNDLE_LOADER)";
				WRAPPER_EXTENSION = xctest;
			};
			name = Release;
		};
/* End XCBuildConfiguration section */

/* Begin XCConfigurationList section */
		1ABF6B211857F9FF00F4BE77 /* Build configuration list for PBXProject "Objective-Shorthand" */ = {
			isa = XCConfigurationList;
			buildConfigurations = (
				1ABF6B561857F9FF00F4BE77 /* Debug */,
				1ABF6B571857F9FF00F4BE77 /* Release */,
			);
			defaultConfigurationIsVisible = 0;
			defaultConfigurationName = Release;
		};
		1ABF6B581857F9FF00F4BE77 /* Build configuration list for PBXNativeTarget "Objective-Shorthand" */ = {
			isa = XCConfigurationList;
			buildConfigurations = (
				1ABF6B591857F9FF00F4BE77 /* Debug */,
				1ABF6B5A1857F9FF00F4BE77 /* Release */,
			);
			defaultConfigurationIsVisible = 0;
			defaultConfigurationName = Release;
		};
		1ABF6B5B1857F9FF00F4BE77 /* Build configuration list for PBXNativeTarget "Objective-ShorthandTests" */ = {
			isa = XCConfigurationList;
			buildConfigurations = (
				1ABF6B5C1857F9FF00F4BE77 /* Debug */,
				1ABF6B5D1857F9FF00F4BE77 /* Release */,
			);
			defaultConfigurationIsVisible = 0;
			defaultConfigurationName = Release;
		};
/* End XCConfigurationList section */
	};
	rootObject = 1ABF6B1E1857F9FF00F4BE77 /* Project object */;
}
